
Microsoft Visual Studio Solution File, Format Version 12.00
# Visual Studio Version 16
VisualStudioVersion = 16.0.35826.135
MinimumVisualStudioVersion = 10.0.40219.1
Project("{8BC9CEB8-8B4A-11D0-8D11-00A0C91BC942}") = "driver_23_9_27", "driver_23_9_27\driver_23_9_27.vcxproj", "{D1650453-AA78-463B-A979-733D254C780A}"
EndProject
Project("{8BC9CEB8-8B4A-11D0-8D11-00A0C91BC942}") = "Dll1", "Dll1\Dll1.vcxproj", "{79FCB21D-21D9-478A-ABFD-D5025567E699}"
EndProject
Global
	GlobalSection(SolutionConfigurationPlatforms) = preSolution
		Debug|ARM64 = Debug|ARM64
		Debug|x64 = Debug|x64
		Debug|x86 = Debug|x86
		Release|ARM64 = Release|ARM64
		Release|x64 = Release|x64
		Release|x86 = Release|x86
	EndGlobalSection
	GlobalSection(ProjectConfigurationPlatforms) = postSolution
		{D1650453-AA78-463B-A979-733D254C780A}.Debug|ARM64.ActiveCfg = Debug|ARM64
		{D1650453-AA78-463B-A979-733D254C780A}.Debug|ARM64.Build.0 = Debug|ARM64
		{D1650453-AA78-463B-A979-733D254C780A}.Debug|ARM64.Deploy.0 = Debug|ARM64
		{D1650453-AA78-463B-A979-733D254C780A}.Debug|x64.ActiveCfg = Debug|x64
		{D1650453-AA78-463B-A979-733D254C780A}.Debug|x64.Build.0 = Debug|x64
		{D1650453-AA78-463B-A979-733D254C780A}.Debug|x64.Deploy.0 = Debug|x64
		{D1650453-AA78-463B-A979-733D254C780A}.Debug|x86.ActiveCfg = Debug|x64
		{D1650453-AA78-463B-A979-733D254C780A}.Release|ARM64.ActiveCfg = Release|ARM64
		{D1650453-AA78-463B-A979-733D254C780A}.Release|ARM64.Build.0 = Release|ARM64
		{D1650453-AA78-463B-A979-733D254C780A}.Release|ARM64.Deploy.0 = Release|ARM64
		{D1650453-AA78-463B-A979-733D254C780A}.Release|x64.ActiveCfg = Release|x64
		{D1650453-AA78-463B-A979-733D254C780A}.Release|x64.Build.0 = Release|x64
		{D1650453-AA78-463B-A979-733D254C780A}.Release|x64.Deploy.0 = Release|x64
		{D1650453-AA78-463B-A979-733D254C780A}.Release|x86.ActiveCfg = Release|x64
		{79FCB21D-21D9-478A-ABFD-D5025567E699}.Debug|ARM64.ActiveCfg = Debug|Win32
		{79FCB21D-21D9-478A-ABFD-D5025567E699}.Debug|x64.ActiveCfg = Debug|x64
		{79FCB21D-21D9-478A-ABFD-D5025567E699}.Debug|x64.Build.0 = Debug|x64
		{79FCB21D-21D9-478A-ABFD-D5025567E699}.Debug|x86.ActiveCfg = Debug|Win32
		{79FCB21D-21D9-478A-ABFD-D5025567E699}.Debug|x86.Build.0 = Debug|Win32
		{79FCB21D-21D9-478A-ABFD-D5025567E699}.Release|ARM64.ActiveCfg = Release|Win32
		{79FCB21D-21D9-478A-ABFD-D5025567E699}.Release|x64.ActiveCfg = Release|x64
		{79FCB21D-21D9-478A-ABFD-D5025567E699}.Release|x64.Build.0 = Release|x64
		{79FCB21D-21D9-478A-ABFD-D5025567E699}.Release|x86.ActiveCfg = Release|Win32
		{79FCB21D-21D9-478A-ABFD-D5025567E699}.Release|x86.Build.0 = Release|Win32
	EndGlobalSection
	GlobalSection(SolutionProperties) = preSolution
		HideSolutionNode = FALSE
	EndGlobalSection
	GlobalSection(ExtensibilityGlobals) = postSolution
		SolutionGuid = {FABB486A-EB1E-4EEB-99E4-158164A6F39D}
	EndGlobalSection
EndGlobal
